
Microsoft Visual Studio Solution File, Format Version 12.00
# Visual Studio Version 16
VisualStudioVersion = 16.0.31424.327
MinimumVisualStudioVersion = 10.0.40219.1
Project("{9A19103F-16F7-4668-BE54-9A1E7A4F7556}") = "ZNJXL9_HFT_2021221.ClientOld", "ZNJXL9_HFT_2021221\ZNJXL9_HFT_2021221.ClientOld.csproj", "{FCE0AA3E-43DA-456A-ACCC-FFDBA53DD30B}"
EndProject
Project("{2150E333-8FDC-42A3-9474-1A3956D46DE8}") = "Backend", "Backend", "{8FADCF29-97B8-42E3-BD2A-B0B0D94075D2}"
EndProject
Project("{2150E333-8FDC-42A3-9474-1A3956D46DE8}") = "Frontend", "Frontend", "{C876B7B0-3232-48DF-9336-36EE44D0E2CD}"
EndProject
Project("{2150E333-8FDC-42A3-9474-1A3956D46DE8}") = "Shared", "Shared", "{49B028CE-639C-4482-9152-6E5FB8F0C53F}"
EndProject
Project("{9A19103F-16F7-4668-BE54-9A1E7A4F7556}") = "ZNJXL9_HFT_2021221.Models", "ZNJXL9_HFT_2021221.Models\ZNJXL9_HFT_2021221.Models.csproj", "{714F1A04-30DF-4A4E-9968-B99D96F16449}"
EndProject
Project("{9A19103F-16F7-4668-BE54-9A1E7A4F7556}") = "ZNJXL9_HFT_2021221.Data", "ZNJXL9_HFT_2021221.Data\ZNJXL9_HFT_2021221.Data.csproj", "{64DE1331-7E93-4CE7-B23B-077688F4388E}"
EndProject
Project("{9A19103F-16F7-4668-BE54-9A1E7A4F7556}") = "ZNJXL9_HFT_2021221.Logic", "ZNJXL9_HFT_2021221.Logic\ZNJXL9_HFT_2021221.Logic.csproj", "{0F7B332C-EC8F-426E-840C-29ACDE9A0B97}"
EndProject
Project("{9A19103F-16F7-4668-BE54-9A1E7A4F7556}") = "ZNJXL9_HFT_2021221.Repository", "ZNJXL9_HFT_2021221.Repository\ZNJXL9_HFT_2021221.Repository.csproj", "{4A341594-1859-4BBA-8718-DF609F4FD0E6}"
EndProject
Project("{9A19103F-16F7-4668-BE54-9A1E7A4F7556}") = "ZNJXL9_HFT_2021221.Endpoint", "ZNJXL9_HFT_2021221.Endpoint\ZNJXL9_HFT_2021221.Endpoint.csproj", "{387D34D5-37FA-4868-A488-09A2DB6E4D84}"
EndProject
Project("{9A19103F-16F7-4668-BE54-9A1E7A4F7556}") = "ZNJXL9_HFT_2021221.Test", "ZNJXL9_HFT_2021221.Test\ZNJXL9_HFT_2021221.Test.csproj", "{CED0FDC2-E136-47D6-8EEE-BF9617F4BAA1}"
EndProject
Project("{2150E333-8FDC-42A3-9474-1A3956D46DE8}") = "Others", "Others", "{506F463A-CCFF-461B-A632-C68B8EC25EE6}"
	ProjectSection(SolutionItems) = preProject
		.gitignore = .gitignore
	EndProjectSection
EndProject
Global
	GlobalSection(SolutionConfigurationPlatforms) = preSolution
		Debug|Any CPU = Debug|Any CPU
		Release|Any CPU = Release|Any CPU
	EndGlobalSection
	GlobalSection(ProjectConfigurationPlatforms) = postSolution
		{FCE0AA3E-43DA-456A-ACCC-FFDBA53DD30B}.Debug|Any CPU.ActiveCfg = Debug|Any CPU
		{FCE0AA3E-43DA-456A-ACCC-FFDBA53DD30B}.Debug|Any CPU.Build.0 = Debug|Any CPU
		{FCE0AA3E-43DA-456A-ACCC-FFDBA53DD30B}.Release|Any CPU.ActiveCfg = Release|Any CPU
		{FCE0AA3E-43DA-456A-ACCC-FFDBA53DD30B}.Release|Any CPU.Build.0 = Release|Any CPU
		{714F1A04-30DF-4A4E-9968-B99D96F16449}.Debug|Any CPU.ActiveCfg = Debug|Any CPU
		{714F1A04-30DF-4A4E-9968-B99D96F16449}.Debug|Any CPU.Build.0 = Debug|Any CPU
		{714F1A04-30DF-4A4E-9968-B99D96F16449}.Release|Any CPU.ActiveCfg = Release|Any CPU
		{714F1A04-30DF-4A4E-9968-B99D96F16449}.Release|Any CPU.Build.0 = Release|Any CPU
		{64DE1331-7E93-4CE7-B23B-077688F4388E}.Debug|Any CPU.ActiveCfg = Debug|Any CPU
		{64DE1331-7E93-4CE7-B23B-077688F4388E}.Debug|Any CPU.Build.0 = Debug|Any CPU
		{64DE1331-7E93-4CE7-B23B-077688F4388E}.Release|Any CPU.ActiveCfg = Release|Any CPU
		{64DE1331-7E93-4CE7-B23B-077688F4388E}.Release|Any CPU.Build.0 = Release|Any CPU
		{0F7B332C-EC8F-426E-840C-29ACDE9A0B97}.Debug|Any CPU.ActiveCfg = Debug|Any CPU
		{0F7B332C-EC8F-426E-840C-29ACDE9A0B97}.Debug|Any CPU.Build.0 = Debug|Any CPU
		{0F7B332C-EC8F-426E-840C-29ACDE9A0B97}.Release|Any CPU.ActiveCfg = Release|Any CPU
		{0F7B332C-EC8F-426E-840C-29ACDE9A0B97}.Release|Any CPU.Build.0 = Release|Any CPU
		{4A341594-1859-4BBA-8718-DF609F4FD0E6}.Debug|Any CPU.ActiveCfg = Debug|Any CPU
		{4A341594-1859-4BBA-8718-DF609F4FD0E6}.Debug|Any CPU.Build.0 = Debug|Any CPU
		{4A341594-1859-4BBA-8718-DF609F4FD0E6}.Release|Any CPU.ActiveCfg = Release|Any CPU
		{4A341594-1859-4BBA-8718-DF609F4FD0E6}.Release|Any CPU.Build.0 = Release|Any CPU
		{387D34D5-37FA-4868-A488-09A2DB6E4D84}.Debug|Any CPU.ActiveCfg = Debug|Any CPU
		{387D34D5-37FA-4868-A488-09A2DB6E4D84}.Debug|Any CPU.Build.0 = Debug|Any CPU
		{387D34D5-37FA-4868-A488-09A2DB6E4D84}.Release|Any CPU.ActiveCfg = Release|Any CPU
		{387D34D5-37FA-4868-A488-09A2DB6E4D84}.Release|Any CPU.Build.0 = Release|Any CPU
		{CED0FDC2-E136-47D6-8EEE-BF9617F4BAA1}.Debug|Any CPU.ActiveCfg = Debug|Any CPU
		{CED0FDC2-E136-47D6-8EEE-BF9617F4BAA1}.Debug|Any CPU.Build.0 = Debug|Any CPU
		{CED0FDC2-E136-47D6-8EEE-BF9617F4BAA1}.Release|Any CPU.ActiveCfg = Release|Any CPU
		{CED0FDC2-E136-47D6-8EEE-BF9617F4BAA1}.Release|Any CPU.Build.0 = Release|Any CPU
	EndGlobalSection
	GlobalSection(SolutionProperties) = preSolution
		HideSolutionNode = FALSE
	EndGlobalSection
	GlobalSection(NestedProjects) = preSolution
		{FCE0AA3E-43DA-456A-ACCC-FFDBA53DD30B} = {C876B7B0-3232-48DF-9336-36EE44D0E2CD}
		{714F1A04-30DF-4A4E-9968-B99D96F16449} = {49B028CE-639C-4482-9152-6E5FB8F0C53F}
		{64DE1331-7E93-4CE7-B23B-077688F4388E} = {8FADCF29-97B8-42E3-BD2A-B0B0D94075D2}
		{0F7B332C-EC8F-426E-840C-29ACDE9A0B97} = {8FADCF29-97B8-42E3-BD2A-B0B0D94075D2}
		{4A341594-1859-4BBA-8718-DF609F4FD0E6} = {8FADCF29-97B8-42E3-BD2A-B0B0D94075D2}
		{387D34D5-37FA-4868-A488-09A2DB6E4D84} = {8FADCF29-97B8-42E3-BD2A-B0B0D94075D2}
		{CED0FDC2-E136-47D6-8EEE-BF9617F4BAA1} = {8FADCF29-97B8-42E3-BD2A-B0B0D94075D2}
	EndGlobalSection
	GlobalSection(ExtensibilityGlobals) = postSolution
		SolutionGuid = {86D654B9-DA80-4F87-8C87-18EB8A01A3C5}
	EndGlobalSection
EndGlobal
